{
    "name": "texchange",
    "version": "0.0.1",
    "lockfileVersion": 2,
    "requires": true,
    "packages": {
        "": {
            "version": "0.0.1",
            "license": "SEE LICENSE IN ./LICENSE",
            "dependencies": {
                "@types/big.js": "^6.0.1",
                "@types/node": "^14.14.13",
                "big.js": "^6.0.3",
                "interfaces": "https://gitee.com/zimtsui/interfaces.git",
                "startable": "https://gitee.com/zimtsui/startable.git"
            }
        },
        "node_modules/@types/big.js": {
            "version": "6.0.2",
            "resolved": "https://repo.huaweicloud.com/repository/npm/@types/big.js/-/big.js-6.0.2.tgz",
            "integrity": "sha512-7NdmOT3zjtghMofDwP1nAJCJWVjc/96V5msXRAZ4lPrvpGlajA95VQec7OXwA2wQaVmhjt+F5ko8pjvQU1tTFA==",
            "license": "MIT"
        },
        "node_modules/@types/node": {
            "version": "14.14.44",
            "resolved": "https://repo.huaweicloud.com/repository/npm/@types/node/-/node-14.14.44.tgz",
            "integrity": "sha512-+gaugz6Oce6ZInfI/tK4Pq5wIIkJMEJUu92RB3Eu93mtj4wjjjz9EB5mLp5s1pSsLXdC/CPut/xF20ZzAQJbTA==",
            "license": "MIT"
        },
        "node_modules/big.js": {
            "version": "6.1.1",
            "resolved": "https://repo.huaweicloud.com/repository/npm/big.js/-/big.js-6.1.1.tgz",
            "integrity": "sha512-1vObw81a8ylZO5ePrtMay0n018TcftpTA5HFKDaSuiUDBo8biRBtjIobw60OpwuvrGk+FsxKamqN4cnmj/eXdg==",
            "license": "MIT",
            "engines": {
                "node": "*"
            },
            "funding": {
                "type": "opencollective",
                "url": "https://opencollective.com/bigjs"
            }
        },
        "node_modules/events": {
            "version": "3.3.0",
            "resolved": "https://repo.huaweicloud.com/repository/npm/events/-/events-3.3.0.tgz",
            "integrity": "sha512-mQw+2fkQbALzQ7V0MY0IqdnXNOeTtP4r0lN9z7AAawCXgqea7bDii20AYrIBrFd/Hx0M2Ocz6S111CaFkUcb0Q==",
            "license": "MIT",
            "engines": {
                "node": ">=0.8.x"
            }
        },
        "node_modules/interfaces": {
            "version": "0.0.1",
            "resolved": "https://gitee.com/zimtsui/interfaces.git",
            "integrity": "sha512-C8H0sZ94zUuJdksmM6wOEQZY5siQ5XGxiVC3uJRu+gBuVMd8gLoJlgl2k47Fr6NQqMOZPs+BdhZOGbQ1FJcyHg==",
            "license": "SEE LICENSE IN ./LICENSE",
            "dependencies": {
                "@types/big.js": "^6.0.1",
                "@types/node": "^14.14.17",
                "big.js": "^6.0.3",
                "events": "^3.2.0"
            }
        },
        "node_modules/startable": {
            "version": "0.0.1",
            "resolved": "https://gitee.com/zimtsui/startable.git",
            "integrity": "sha512-sHDsPoILdhB9f0TSJja6nyt8xnJqBfF1eu9T/RyBGUEGBTFRIzDhqJQ1bf5mUCRIFK4IJbhkZIfwD0HnQZTCaQ==",
            "license": "SEE LICENSE IN ./LICENSE",
            "dependencies": {
                "@types/node": "^14.14.17",
                "events": "^3.2.0"
            }
        }
    },
    "dependencies": {
        "@types/big.js": {
            "version": "6.0.2",
            "resolved": "https://repo.huaweicloud.com/repository/npm/@types/big.js/-/big.js-6.0.2.tgz",
            "integrity": "sha512-7NdmOT3zjtghMofDwP1nAJCJWVjc/96V5msXRAZ4lPrvpGlajA95VQec7OXwA2wQaVmhjt+F5ko8pjvQU1tTFA=="
        },
        "@types/node": {
            "version": "14.14.44",
            "resolved": "https://repo.huaweicloud.com/repository/npm/@types/node/-/node-14.14.44.tgz",
            "integrity": "sha512-+gaugz6Oce6ZInfI/tK4Pq5wIIkJMEJUu92RB3Eu93mtj4wjjjz9EB5mLp5s1pSsLXdC/CPut/xF20ZzAQJbTA=="
        },
        "big.js": {
            "version": "6.1.1",
            "resolved": "https://repo.huaweicloud.com/repository/npm/big.js/-/big.js-6.1.1.tgz",
            "integrity": "sha512-1vObw81a8ylZO5ePrtMay0n018TcftpTA5HFKDaSuiUDBo8biRBtjIobw60OpwuvrGk+FsxKamqN4cnmj/eXdg=="
        },
        "events": {
            "version": "3.3.0",
            "resolved": "https://repo.huaweicloud.com/repository/npm/events/-/events-3.3.0.tgz",
            "integrity": "sha512-mQw+2fkQbALzQ7V0MY0IqdnXNOeTtP4r0lN9z7AAawCXgqea7bDii20AYrIBrFd/Hx0M2Ocz6S111CaFkUcb0Q=="
        },
        "interfaces": {
            "version": "https://gitee.com/zimtsui/interfaces.git",
            "integrity": "sha512-C8H0sZ94zUuJdksmM6wOEQZY5siQ5XGxiVC3uJRu+gBuVMd8gLoJlgl2k47Fr6NQqMOZPs+BdhZOGbQ1FJcyHg==",
            "requires": {
                "@types/big.js": "^6.0.1",
                "@types/node": "^14.14.17",
                "big.js": "^6.0.3",
                "events": "^3.2.0"
            }
        },
        "startable": {
            "version": "https://gitee.com/zimtsui/startable.git",
            "integrity": "sha512-sHDsPoILdhB9f0TSJja6nyt8xnJqBfF1eu9T/RyBGUEGBTFRIzDhqJQ1bf5mUCRIFK4IJbhkZIfwD0HnQZTCaQ==",
            "requires": {
                "@types/node": "^14.14.17",
                "events": "^3.2.0"
            }
        }
    }
}
